
Microsoft Visual Studio Solution File, Format Version 12.00
Project("{FAE04EC0-301F-11D3-BF4B-00C04F79EFBC}") = "eCommerce.API", "eCommerce.API\eCommerce.API.csproj", "{BD43CFC3-6EA2-4265-9427-4CC4107A2462}"
EndProject
Project("{FAE04EC0-301F-11D3-BF4B-00C04F79EFBC}") = "eCommerce.Models", "eCommerce.Models\eCommerce.Models.csproj", "{05FA2EDA-8378-411B-901B-5CC010341CB3}"
EndProject
Project("{FAE04EC0-301F-11D3-BF4B-00C04F79EFBC}") = "eCommerce.DataAnnotations", "eCommerce.DataAnnotations\eCommerce.DataAnnotations.csproj", "{6753B565-95FC-4C35-9AD5-DF75E7535E44}"
EndProject
Project("{FAE04EC0-301F-11D3-BF4B-00C04F79EFBC}") = "eCommerce.FluentAPI", "eCommerce.FluentAPI\eCommerce.FluentAPI.csproj", "{4B71C3C8-E568-4D69-A8BA-EA150C5D715F}"
EndProject
Project("{FAE04EC0-301F-11D3-BF4B-00C04F79EFBC}") = "eCommerce.Models.Exercises", "eCommerce.Models.Exercises\eCommerce.Models.Exercises.csproj", "{3B3B5D7B-17D9-4A5B-AC7D-5EE2352318DB}"
EndProject
Project("{FAE04EC0-301F-11D3-BF4B-00C04F79EFBC}") = "eCommerceConsole.Office", "eCommerceConsole.Office\eCommerceConsole.Office.csproj", "{E5998CB3-150A-42F2-B49C-44797DA277DF}"
EndProject
Project("{FAE04EC0-301F-11D3-BF4B-00C04F79EFBC}") = "eCommerce.Console.Tracking", "eCommerce.Console.Tracking\eCommerce.Console.Tracking.csproj", "{AF103BAD-247D-474F-918A-5ACF58DCF7F7}"
EndProject
Project("{FAE04EC0-301F-11D3-BF4B-00C04F79EFBC}") = "eCommerce.Console.Query", "eCommerce.Console.Query\eCommerce.Console.Query.csproj", "{2A06EA45-6321-4559-A75E-902E5A434E70}"
EndProject
Project("{FAE04EC0-301F-11D3-BF4B-00C04F79EFBC}") = "eCommerce.Console.OtherResources", "eCommerce.Console.OtherResources\eCommerce.Console.OtherResources.csproj", "{87207E45-D475-44AD-9C2D-AF0E763750E7}"
EndProject
Global
	GlobalSection(SolutionConfigurationPlatforms) = preSolution
		Debug|Any CPU = Debug|Any CPU
		Release|Any CPU = Release|Any CPU
	EndGlobalSection
	GlobalSection(ProjectConfigurationPlatforms) = postSolution
		{BD43CFC3-6EA2-4265-9427-4CC4107A2462}.Debug|Any CPU.ActiveCfg = Debug|Any CPU
		{BD43CFC3-6EA2-4265-9427-4CC4107A2462}.Debug|Any CPU.Build.0 = Debug|Any CPU
		{BD43CFC3-6EA2-4265-9427-4CC4107A2462}.Release|Any CPU.ActiveCfg = Release|Any CPU
		{BD43CFC3-6EA2-4265-9427-4CC4107A2462}.Release|Any CPU.Build.0 = Release|Any CPU
		{05FA2EDA-8378-411B-901B-5CC010341CB3}.Debug|Any CPU.ActiveCfg = Debug|Any CPU
		{05FA2EDA-8378-411B-901B-5CC010341CB3}.Debug|Any CPU.Build.0 = Debug|Any CPU
		{05FA2EDA-8378-411B-901B-5CC010341CB3}.Release|Any CPU.ActiveCfg = Release|Any CPU
		{05FA2EDA-8378-411B-901B-5CC010341CB3}.Release|Any CPU.Build.0 = Release|Any CPU
		{6753B565-95FC-4C35-9AD5-DF75E7535E44}.Debug|Any CPU.ActiveCfg = Debug|Any CPU
		{6753B565-95FC-4C35-9AD5-DF75E7535E44}.Debug|Any CPU.Build.0 = Debug|Any CPU
		{6753B565-95FC-4C35-9AD5-DF75E7535E44}.Release|Any CPU.ActiveCfg = Release|Any CPU
		{6753B565-95FC-4C35-9AD5-DF75E7535E44}.Release|Any CPU.Build.0 = Release|Any CPU
		{4B71C3C8-E568-4D69-A8BA-EA150C5D715F}.Debug|Any CPU.ActiveCfg = Debug|Any CPU
		{4B71C3C8-E568-4D69-A8BA-EA150C5D715F}.Debug|Any CPU.Build.0 = Debug|Any CPU
		{4B71C3C8-E568-4D69-A8BA-EA150C5D715F}.Release|Any CPU.ActiveCfg = Release|Any CPU
		{4B71C3C8-E568-4D69-A8BA-EA150C5D715F}.Release|Any CPU.Build.0 = Release|Any CPU
		{3B3B5D7B-17D9-4A5B-AC7D-5EE2352318DB}.Debug|Any CPU.ActiveCfg = Debug|Any CPU
		{3B3B5D7B-17D9-4A5B-AC7D-5EE2352318DB}.Debug|Any CPU.Build.0 = Debug|Any CPU
		{3B3B5D7B-17D9-4A5B-AC7D-5EE2352318DB}.Release|Any CPU.ActiveCfg = Release|Any CPU
		{3B3B5D7B-17D9-4A5B-AC7D-5EE2352318DB}.Release|Any CPU.Build.0 = Release|Any CPU
		{E5998CB3-150A-42F2-B49C-44797DA277DF}.Debug|Any CPU.ActiveCfg = Debug|Any CPU
		{E5998CB3-150A-42F2-B49C-44797DA277DF}.Debug|Any CPU.Build.0 = Debug|Any CPU
		{E5998CB3-150A-42F2-B49C-44797DA277DF}.Release|Any CPU.ActiveCfg = Release|Any CPU
		{E5998CB3-150A-42F2-B49C-44797DA277DF}.Release|Any CPU.Build.0 = Release|Any CPU
		{AF103BAD-247D-474F-918A-5ACF58DCF7F7}.Debug|Any CPU.ActiveCfg = Debug|Any CPU
		{AF103BAD-247D-474F-918A-5ACF58DCF7F7}.Debug|Any CPU.Build.0 = Debug|Any CPU
		{AF103BAD-247D-474F-918A-5ACF58DCF7F7}.Release|Any CPU.ActiveCfg = Release|Any CPU
		{AF103BAD-247D-474F-918A-5ACF58DCF7F7}.Release|Any CPU.Build.0 = Release|Any CPU
		{2A06EA45-6321-4559-A75E-902E5A434E70}.Debug|Any CPU.ActiveCfg = Debug|Any CPU
		{2A06EA45-6321-4559-A75E-902E5A434E70}.Debug|Any CPU.Build.0 = Debug|Any CPU
		{2A06EA45-6321-4559-A75E-902E5A434E70}.Release|Any CPU.ActiveCfg = Release|Any CPU
		{2A06EA45-6321-4559-A75E-902E5A434E70}.Release|Any CPU.Build.0 = Release|Any CPU
		{87207E45-D475-44AD-9C2D-AF0E763750E7}.Debug|Any CPU.ActiveCfg = Debug|Any CPU
		{87207E45-D475-44AD-9C2D-AF0E763750E7}.Debug|Any CPU.Build.0 = Debug|Any CPU
		{87207E45-D475-44AD-9C2D-AF0E763750E7}.Release|Any CPU.ActiveCfg = Release|Any CPU
		{87207E45-D475-44AD-9C2D-AF0E763750E7}.Release|Any CPU.Build.0 = Release|Any CPU
	EndGlobalSection
EndGlobal
